
Microsoft Visual Studio Solution File, Format Version 12.00
# Visual Studio Version 16
VisualStudioVersion = 16.0.31019.35
MinimumVisualStudioVersion = 10.0.40219.1
Project("{FAE04EC0-301F-11D3-BF4B-00C04F79EFBC}") = "WebApiInventario", "WebApiInventario.csproj", "{2DD1702D-9E32-4FB3-9180-7F868B862ADA}"
EndProject
Project("{FAE04EC0-301F-11D3-BF4B-00C04F79EFBC}") = "MVC", "..\MVC\MVC.csproj", "{07C2358C-2E2B-4954-B604-DFA9B1145DB5}"
EndProject
Global
	GlobalSection(SolutionConfigurationPlatforms) = preSolution
		Debug|Any CPU = Debug|Any CPU
		Release|Any CPU = Release|Any CPU
	EndGlobalSection
	GlobalSection(ProjectConfigurationPlatforms) = postSolution
		{2DD1702D-9E32-4FB3-9180-7F868B862ADA}.Debug|Any CPU.ActiveCfg = Debug|Any CPU
		{2DD1702D-9E32-4FB3-9180-7F868B862ADA}.Debug|Any CPU.Build.0 = Debug|Any CPU
		{2DD1702D-9E32-4FB3-9180-7F868B862ADA}.Release|Any CPU.ActiveCfg = Release|Any CPU
		{2DD1702D-9E32-4FB3-9180-7F868B862ADA}.Release|Any CPU.Build.0 = Release|Any CPU
		{07C2358C-2E2B-4954-B604-DFA9B1145DB5}.Debug|Any CPU.ActiveCfg = Debug|Any CPU
		{07C2358C-2E2B-4954-B604-DFA9B1145DB5}.Debug|Any CPU.Build.0 = Debug|Any CPU
		{07C2358C-2E2B-4954-B604-DFA9B1145DB5}.Release|Any CPU.ActiveCfg = Release|Any CPU
		{07C2358C-2E2B-4954-B604-DFA9B1145DB5}.Release|Any CPU.Build.0 = Release|Any CPU
	EndGlobalSection
	GlobalSection(SolutionProperties) = preSolution
		HideSolutionNode = FALSE
	EndGlobalSection
	GlobalSection(ExtensibilityGlobals) = postSolution
		SolutionGuid = {95D8FF46-7632-4F68-B7EB-BE8FBA9259D3}
	EndGlobalSection
EndGlobal
